
Microsoft Visual Studio Solution File, Format Version 12.00
# Visual Studio 15
VisualStudioVersion = 15.0.28010.2036
MinimumVisualStudioVersion = 10.0.40219.1
Project("{FAE04EC0-301F-11D3-BF4B-00C04F79EFBC}") = "MyPrinter", "MyPrinter\MyPrinter.csproj", "{5BE7E248-D954-4A41-A19B-F77AFF1DCF20}"
EndProject
Global
	GlobalSection(SolutionConfigurationPlatforms) = preSolution
		Debug|Any CPU = Debug|Any CPU
		Release|Any CPU = Release|Any CPU
	EndGlobalSection
	GlobalSection(ProjectConfigurationPlatforms) = postSolution
		{5BE7E248-D954-4A41-A19B-F77AFF1DCF20}.Debug|Any CPU.ActiveCfg = Debug|Any CPU
		{5BE7E248-D954-4A41-A19B-F77AFF1DCF20}.Debug|Any CPU.Build.0 = Debug|Any CPU
		{5BE7E248-D954-4A41-A19B-F77AFF1DCF20}.Release|Any CPU.ActiveCfg = Release|Any CPU
		{5BE7E248-D954-4A41-A19B-F77AFF1DCF20}.Release|Any CPU.Build.0 = Release|Any CPU
	EndGlobalSection
	GlobalSection(SolutionProperties) = preSolution
		HideSolutionNode = FALSE
	EndGlobalSection
	GlobalSection(ExtensibilityGlobals) = postSolution
		SolutionGuid = {8A13E993-FD45-4D02-94A5-0D8C1DF92E66}
	EndGlobalSection
EndGlobal
